
Microsoft Visual Studio Solution File, Format Version 12.00
# Visual Studio Version 17
VisualStudioVersion = 17.11.35222.181
MinimumVisualStudioVersion = 10.0.40219.1
Project("{FAE04EC0-301F-11D3-BF4B-00C04F79EFBC}") = "Console1125Files", "Console1125Files\Console1125Files.csproj", "{0BB9AA58-0117-4BF5-B3C0-EBE3A19052DD}"
EndProject
Global
	GlobalSection(SolutionConfigurationPlatforms) = preSolution
		Debug|Any CPU = Debug|Any CPU
		Release|Any CPU = Release|Any CPU
	EndGlobalSection
	GlobalSection(ProjectConfigurationPlatforms) = postSolution
		{0BB9AA58-0117-4BF5-B3C0-EBE3A19052DD}.Debug|Any CPU.ActiveCfg = Debug|Any CPU
		{0BB9AA58-0117-4BF5-B3C0-EBE3A19052DD}.Debug|Any CPU.Build.0 = Debug|Any CPU
		{0BB9AA58-0117-4BF5-B3C0-EBE3A19052DD}.Release|Any CPU.ActiveCfg = Release|Any CPU
		{0BB9AA58-0117-4BF5-B3C0-EBE3A19052DD}.Release|Any CPU.Build.0 = Release|Any CPU
	EndGlobalSection
	GlobalSection(SolutionProperties) = preSolution
		HideSolutionNode = FALSE
	EndGlobalSection
	GlobalSection(ExtensibilityGlobals) = postSolution
		SolutionGuid = {886801A3-3500-441B-A5DC-A0C9E44A6C43}
	EndGlobalSection
EndGlobal
